
Microsoft Visual Studio Solution File, Format Version 12.00
# Visual Studio Version 17
VisualStudioVersion = 17.3.32825.248
MinimumVisualStudioVersion = 10.0.40219.1
Project("{FAE04EC0-301F-11D3-BF4B-00C04F79EFBC}") = "ReactCheescakeOrdering.Web", "ReactCheescakeOrdering.Web\ReactCheescakeOrdering.Web.csproj", "{F3270B49-7AB0-46F9-9FBD-3BD3493426D4}"
EndProject
Project("{FAE04EC0-301F-11D3-BF4B-00C04F79EFBC}") = "ReactCheescakeOrdering.Data", "ReactCheescakeOrdering.Data\ReactCheescakeOrdering.Data.csproj", "{3033F076-A141-46E2-9079-88B9040B1C5B}"
EndProject
Global
	GlobalSection(SolutionConfigurationPlatforms) = preSolution
		Debug|Any CPU = Debug|Any CPU
		Release|Any CPU = Release|Any CPU
	EndGlobalSection
	GlobalSection(ProjectConfigurationPlatforms) = postSolution
		{F3270B49-7AB0-46F9-9FBD-3BD3493426D4}.Debug|Any CPU.ActiveCfg = Debug|Any CPU
		{F3270B49-7AB0-46F9-9FBD-3BD3493426D4}.Debug|Any CPU.Build.0 = Debug|Any CPU
		{F3270B49-7AB0-46F9-9FBD-3BD3493426D4}.Release|Any CPU.ActiveCfg = Release|Any CPU
		{F3270B49-7AB0-46F9-9FBD-3BD3493426D4}.Release|Any CPU.Build.0 = Release|Any CPU
		{3033F076-A141-46E2-9079-88B9040B1C5B}.Debug|Any CPU.ActiveCfg = Debug|Any CPU
		{3033F076-A141-46E2-9079-88B9040B1C5B}.Debug|Any CPU.Build.0 = Debug|Any CPU
		{3033F076-A141-46E2-9079-88B9040B1C5B}.Release|Any CPU.ActiveCfg = Release|Any CPU
		{3033F076-A141-46E2-9079-88B9040B1C5B}.Release|Any CPU.Build.0 = Release|Any CPU
	EndGlobalSection
	GlobalSection(SolutionProperties) = preSolution
		HideSolutionNode = FALSE
	EndGlobalSection
	GlobalSection(ExtensibilityGlobals) = postSolution
		SolutionGuid = {4DB885E9-1D07-4258-B4BA-D44556F6B606}
	EndGlobalSection
EndGlobal
